// !$*UTF8*$!
{
	archiveVersion = 1;
	classes = {
	};
	objectVersion = 56;
	objects = {

/* Begin PBXBuildFile section */
		05188D9529C4FF21004E1D7B /* AppDelegate.swift in Sources */ = {isa = PBXBuildFile; fileRef = 05188D9429C4FF21004E1D7B /* AppDelegate.swift */; };
		05188D9729C4FF21004E1D7B /* SceneDelegate.swift in Sources */ = {isa = PBXBuildFile; fileRef = 05188D9629C4FF21004E1D7B /* SceneDelegate.swift */; };
		05188D9F29C4FF21004E1D7B /* IlymaxShop.xcdatamodeld in Sources */ = {isa = PBXBuildFile; fileRef = 05188D9D29C4FF21004E1D7B /* IlymaxShop.xcdatamodeld */; };
		05188DA129C4FF23004E1D7B /* Assets.xcassets in Resources */ = {isa = PBXBuildFile; fileRef = 05188DA029C4FF23004E1D7B /* Assets.xcassets */; };
		05188DA429C4FF23004E1D7B /* LaunchScreen.storyboard in Resources */ = {isa = PBXBuildFile; fileRef = 05188DA229C4FF23004E1D7B /* LaunchScreen.storyboard */; };
		05188DAF29C4FF23004E1D7B /* IlymaxShopTests.swift in Sources */ = {isa = PBXBuildFile; fileRef = 05188DAE29C4FF23004E1D7B /* IlymaxShopTests.swift */; };
		05188DB929C4FF23004E1D7B /* IlymaxShopUITests.swift in Sources */ = {isa = PBXBuildFile; fileRef = 05188DB829C4FF23004E1D7B /* IlymaxShopUITests.swift */; };
		05188DBB29C4FF23004E1D7B /* IlymaxShopUITestsLaunchTests.swift in Sources */ = {isa = PBXBuildFile; fileRef = 05188DBA29C4FF23004E1D7B /* IlymaxShopUITestsLaunchTests.swift */; };
		0519A9C529D99EB600AE1553 /* HeaderView.swift in Sources */ = {isa = PBXBuildFile; fileRef = 0519A9C429D99EB600AE1553 /* HeaderView.swift */; };
		051F100729C8E39400877947 /* AppCoordinator.swift in Sources */ = {isa = PBXBuildFile; fileRef = 051F100629C8E39400877947 /* AppCoordinator.swift */; };
		051F100929C8E3A700877947 /* ProfileCoordinator.swift in Sources */ = {isa = PBXBuildFile; fileRef = 051F100829C8E3A700877947 /* ProfileCoordinator.swift */; };
		051F100B29C8E3BD00877947 /* ChatCoordinator.swift in Sources */ = {isa = PBXBuildFile; fileRef = 051F100A29C8E3BD00877947 /* ChatCoordinator.swift */; };
		051F100D29C8E3E400877947 /* PublicShoesCoordinator.swift in Sources */ = {isa = PBXBuildFile; fileRef = 051F100C29C8E3E400877947 /* PublicShoesCoordinator.swift */; };
		051F100F29C8E41100877947 /* CartCoordinator.swift in Sources */ = {isa = PBXBuildFile; fileRef = 051F100E29C8E41100877947 /* CartCoordinator.swift */; };
		051F101129C8E42500877947 /* CatalogCoordinator.swift in Sources */ = {isa = PBXBuildFile; fileRef = 051F101029C8E42500877947 /* CatalogCoordinator.swift */; };
		051F101329C8E5A500877947 /* TabBarCoordinator.swift in Sources */ = {isa = PBXBuildFile; fileRef = 051F101229C8E5A500877947 /* TabBarCoordinator.swift */; };
		051F101529C8E99D00877947 /* CatalogViewController.swift in Sources */ = {isa = PBXBuildFile; fileRef = 051F101429C8E99D00877947 /* CatalogViewController.swift */; };
		051F101729C8E9AF00877947 /* ProfileViewController.swift in Sources */ = {isa = PBXBuildFile; fileRef = 051F101629C8E9AF00877947 /* ProfileViewController.swift */; };
		051F101929C8E9BA00877947 /* ChatViewController.swift in Sources */ = {isa = PBXBuildFile; fileRef = 051F101829C8E9BA00877947 /* ChatViewController.swift */; };
		051F101B29C8E9DB00877947 /* CartViewController.swift in Sources */ = {isa = PBXBuildFile; fileRef = 051F101A29C8E9DA00877947 /* CartViewController.swift */; };
		051F101D29C8EA1900877947 /* PublicShoesViewController.swift in Sources */ = {isa = PBXBuildFile; fileRef = 051F101C29C8EA1900877947 /* PublicShoesViewController.swift */; };
		051F101F29C8EA4D00877947 /* WelcomeViewController.swift in Sources */ = {isa = PBXBuildFile; fileRef = 051F101E29C8EA4D00877947 /* WelcomeViewController.swift */; };
		05218D3E29D9944A00887040 /* GoogleService-Info.plist in Resources */ = {isa = PBXBuildFile; fileRef = 05218D3D29D9944A00887040 /* GoogleService-Info.plist */; };
		052D97E929D9C8D6008CA67C /* Shoes.swift in Sources */ = {isa = PBXBuildFile; fileRef = 052D97E829D9C8D6008CA67C /* Shoes.swift */; };
		052D97EE29D9C962008CA67C /* Promotion.swift in Sources */ = {isa = PBXBuildFile; fileRef = 052D97ED29D9C962008CA67C /* Promotion.swift */; };
		052D97F129D9CBE8008CA67C /* FirebaseStorage in Frameworks */ = {isa = PBXBuildFile; productRef = 052D97F029D9CBE8008CA67C /* FirebaseStorage */; };
		0539C3A529CDDA6E008F41B4 /* CartPresenter.swift in Sources */ = {isa = PBXBuildFile; fileRef = 0539C3A429CDDA6E008F41B4 /* CartPresenter.swift */; };
		0539C3A729CDDA82008F41B4 /* Product.swift in Sources */ = {isa = PBXBuildFile; fileRef = 0539C3A629CDDA82008F41B4 /* Product.swift */; };
		0539C3AB29CDDA9A008F41B4 /* MockCartService.swift in Sources */ = {isa = PBXBuildFile; fileRef = 0539C3A829CDDA9A008F41B4 /* MockCartService.swift */; };
		0539C3AC29CDDA9A008F41B4 /* CartService.swift in Sources */ = {isa = PBXBuildFile; fileRef = 0539C3A929CDDA9A008F41B4 /* CartService.swift */; };
		0539C3AD29CDDA9A008F41B4 /* ImageLoader.swift in Sources */ = {isa = PBXBuildFile; fileRef = 0539C3AA29CDDA9A008F41B4 /* ImageLoader.swift */; };
		0539C3B229CDDAAB008F41B4 /* CartCell.swift in Sources */ = {isa = PBXBuildFile; fileRef = 0539C3AF29CDDAAB008F41B4 /* CartCell.swift */; };
		0539C3B329CDDAAB008F41B4 /* CartHeaderView.swift in Sources */ = {isa = PBXBuildFile; fileRef = 0539C3B129CDDAAB008F41B4 /* CartHeaderView.swift */; };
		05A4380129D8171C00AADDB9 /* UserCollectionViewCell.swift in Sources */ = {isa = PBXBuildFile; fileRef = 05A4380029D8171C00AADDB9 /* UserCollectionViewCell.swift */; };
		05A4381E29D8522C00AADDB9 /* FirebaseFirestore in Frameworks */ = {isa = PBXBuildFile; productRef = 05A4381D29D8522C00AADDB9 /* FirebaseFirestore */; };
		05A4382029D8564400AADDB9 /* FirestoreManager.swift in Sources */ = {isa = PBXBuildFile; fileRef = 05A4381F29D8564400AADDB9 /* FirestoreManager.swift */; };
		05A5CD9A29DAE4E000564CC3 /* PromotionCell.swift in Sources */ = {isa = PBXBuildFile; fileRef = 05A5CD9929DAE4E000564CC3 /* PromotionCell.swift */; };
		05A5CD9C29DB529B00564CC3 /* PopularCell.swift in Sources */ = {isa = PBXBuildFile; fileRef = 05A5CD9B29DB529B00564CC3 /* PopularCell.swift */; };
		05A5CD9E29DB52A700564CC3 /* CategoryCell.swift in Sources */ = {isa = PBXBuildFile; fileRef = 05A5CD9D29DB52A700564CC3 /* CategoryCell.swift */; };
		05A5CDA229DB54B300564CC3 /* IlymaxCategory.swift in Sources */ = {isa = PBXBuildFile; fileRef = 05A5CDA129DB54B300564CC3 /* IlymaxCategory.swift */; };
		05A5CDA529DB56DA00564CC3 /* CatalogPresenter.swift in Sources */ = {isa = PBXBuildFile; fileRef = 05A5CDA429DB56DA00564CC3 /* CatalogPresenter.swift */; };
		05A5CDA829DB65D700564CC3 /* CatalogService.swift in Sources */ = {isa = PBXBuildFile; fileRef = 05A5CDA729DB65D700564CC3 /* CatalogService.swift */; };
		05BA97D329D613FA002B7568 /* JGProgressHUD in Frameworks */ = {isa = PBXBuildFile; productRef = 05BA97D229D613FA002B7568 /* JGProgressHUD */; };
		05BA97D529D62151002B7568 /* NoAuthViewController.swift in Sources */ = {isa = PBXBuildFile; fileRef = 05BA97D429D62151002B7568 /* NoAuthViewController.swift */; };
		05D0673729C9DF2800A6BBD7 /* AuthenticationCoordinator.swift in Sources */ = {isa = PBXBuildFile; fileRef = 05D0673629C9DF2800A6BBD7 /* AuthenticationCoordinator.swift */; };
		05D0673929C9E11500A6BBD7 /* SignUpViewController.swift in Sources */ = {isa = PBXBuildFile; fileRef = 05D0673829C9E11400A6BBD7 /* SignUpViewController.swift */; };
		05D0673B29C9E16A00A6BBD7 /* LoginViewController.swift in Sources */ = {isa = PBXBuildFile; fileRef = 05D0673A29C9E16A00A6BBD7 /* LoginViewController.swift */; };
		05D26CE929CB246400EFC040 /* AuthenticationService.swift in Sources */ = {isa = PBXBuildFile; fileRef = 05D26CE829CB246400EFC040 /* AuthenticationService.swift */; };
		05D26CED29CB24EF00EFC040 /* IlymaxUser.swift in Sources */ = {isa = PBXBuildFile; fileRef = 05D26CEC29CB24EF00EFC040 /* IlymaxUser.swift */; };
		05D26CEF29CB2BB900EFC040 /* SignUpPresenter.swift in Sources */ = {isa = PBXBuildFile; fileRef = 05D26CEE29CB2BB900EFC040 /* SignUpPresenter.swift */; };
		05D26CF529CB43A200EFC040 /* LoginPresenter.swift in Sources */ = {isa = PBXBuildFile; fileRef = 05D26CF429CB43A200EFC040 /* LoginPresenter.swift */; };
		05D26CF929CB4E6300EFC040 /* ValidationError.swift in Sources */ = {isa = PBXBuildFile; fileRef = 05D26CF829CB4E6300EFC040 /* ValidationError.swift */; };
		05D3C4B029D3489C00D76EED /* FirebaseAuth in Frameworks */ = {isa = PBXBuildFile; productRef = 05D3C4AF29D3489C00D76EED /* FirebaseAuth */; };
		05D3C4B229D3489C00D76EED /* FirebaseDatabase in Frameworks */ = {isa = PBXBuildFile; productRef = 05D3C4B129D3489C00D76EED /* FirebaseDatabase */; };
		05D3C4B829D35C7E00D76EED /* DatabaseManager.swift in Sources */ = {isa = PBXBuildFile; fileRef = 05D3C4B729D35C7E00D76EED /* DatabaseManager.swift */; };
		05D3C4BA29D367F100D76EED /* Security.swift in Sources */ = {isa = PBXBuildFile; fileRef = 05D3C4B929D367F100D76EED /* Security.swift */; };
		05F351EB29D30D4800A6EFC5 /* FirebaseAuthenticationService.swift in Sources */ = {isa = PBXBuildFile; fileRef = 05F351EA29D30D4800A6EFC5 /* FirebaseAuthenticationService.swift */; };
		7E1DAD0329DC86ED005B716B /* PublicShoesPresenter.swift in Sources */ = {isa = PBXBuildFile; fileRef = 7E1DAD0229DC86ED005B716B /* PublicShoesPresenter.swift */; };
		7E1DAD0729DC8AB6005B716B /* SizeCell.swift in Sources */ = {isa = PBXBuildFile; fileRef = 7E1DAD0629DC8AB6005B716B /* SizeCell.swift */; };
		7E1DAD0929DC8F12005B716B /* PublicShoesSizeViewController.swift in Sources */ = {isa = PBXBuildFile; fileRef = 7E1DAD0829DC8F12005B716B /* PublicShoesSizeViewController.swift */; };
		7E1DAD0B29DC8F8D005B716B /* PublicShoesImageViewController.swift in Sources */ = {isa = PBXBuildFile; fileRef = 7E1DAD0A29DC8F8D005B716B /* PublicShoesImageViewController.swift */; };
		7E1DAD0E29DC9D68005B716B /* PublicShoesService.swift in Sources */ = {isa = PBXBuildFile; fileRef = 7E1DAD0D29DC9D68005B716B /* PublicShoesService.swift */; };
		7E1DAD1229DC9E09005B716B /* FirebasePublicShoesService.swift in Sources */ = {isa = PBXBuildFile; fileRef = 7E1DAD1129DC9E09005B716B /* FirebasePublicShoesService.swift */; };
/* End PBXBuildFile section */

/* Begin PBXContainerItemProxy section */
		05188DAB29C4FF23004E1D7B /* PBXContainerItemProxy */ = {
			isa = PBXContainerItemProxy;
			containerPortal = 05188D8929C4FF21004E1D7B /* Project object */;
			proxyType = 1;
			remoteGlobalIDString = 05188D9029C4FF21004E1D7B;
			remoteInfo = IlymaxShop;
		};
		05188DB529C4FF23004E1D7B /* PBXContainerItemProxy */ = {
			isa = PBXContainerItemProxy;
			containerPortal = 05188D8929C4FF21004E1D7B /* Project object */;
			proxyType = 1;
			remoteGlobalIDString = 05188D9029C4FF21004E1D7B;
			remoteInfo = IlymaxShop;
		};
/* End PBXContainerItemProxy section */

/* Begin PBXFileReference section */
		05188D9429C4FF21004E1D7B /* AppDelegate.swift */ = {isa = PBXFileReference; lastKnownFileType = sourcecode.swift; path = AppDelegate.swift; sourceTree = "<group>"; };
		05188D9629C4FF21004E1D7B /* SceneDelegate.swift */ = {isa = PBXFileReference; lastKnownFileType = sourcecode.swift; path = SceneDelegate.swift; sourceTree = "<group>"; };
		05188D9E29C4FF21004E1D7B /* IlymaxShop.xcdatamodel */ = {isa = PBXFileReference; lastKnownFileType = wrapper.xcdatamodel; path = IlymaxShop.xcdatamodel; sourceTree = "<group>"; };
		05188DA029C4FF23004E1D7B /* Assets.xcassets */ = {isa = PBXFileReference; lastKnownFileType = folder.assetcatalog; path = Assets.xcassets; sourceTree = "<group>"; };
		05188DA329C4FF23004E1D7B /* Base */ = {isa = PBXFileReference; lastKnownFileType = file.storyboard; name = Base; path = Base.lproj/LaunchScreen.storyboard; sourceTree = "<group>"; };
		05188DA529C4FF23004E1D7B /* Info.plist */ = {isa = PBXFileReference; lastKnownFileType = text.plist.xml; path = Info.plist; sourceTree = "<group>"; };
		05188DAE29C4FF23004E1D7B /* IlymaxShopTests.swift */ = {isa = PBXFileReference; lastKnownFileType = sourcecode.swift; path = IlymaxShopTests.swift; sourceTree = "<group>"; };
		05188DB829C4FF23004E1D7B /* IlymaxShopUITests.swift */ = {isa = PBXFileReference; lastKnownFileType = sourcecode.swift; path = IlymaxShopUITests.swift; sourceTree = "<group>"; };
		05188DBA29C4FF23004E1D7B /* IlymaxShopUITestsLaunchTests.swift */ = {isa = PBXFileReference; lastKnownFileType = sourcecode.swift; path = IlymaxShopUITestsLaunchTests.swift; sourceTree = "<group>"; };
		0519A9C429D99EB600AE1553 /* HeaderView.swift */ = {isa = PBXFileReference; lastKnownFileType = sourcecode.swift; path = HeaderView.swift; sourceTree = "<group>"; };
		051F100629C8E39400877947 /* AppCoordinator.swift */ = {isa = PBXFileReference; lastKnownFileType = sourcecode.swift; path = AppCoordinator.swift; sourceTree = "<group>"; };
		051F100829C8E3A700877947 /* ProfileCoordinator.swift */ = {isa = PBXFileReference; lastKnownFileType = sourcecode.swift; path = ProfileCoordinator.swift; sourceTree = "<group>"; };
		051F100A29C8E3BD00877947 /* ChatCoordinator.swift */ = {isa = PBXFileReference; lastKnownFileType = sourcecode.swift; path = ChatCoordinator.swift; sourceTree = "<group>"; };
		051F100C29C8E3E400877947 /* PublicShoesCoordinator.swift */ = {isa = PBXFileReference; lastKnownFileType = sourcecode.swift; path = PublicShoesCoordinator.swift; sourceTree = "<group>"; };
		051F100E29C8E41100877947 /* CartCoordinator.swift */ = {isa = PBXFileReference; lastKnownFileType = sourcecode.swift; path = CartCoordinator.swift; sourceTree = "<group>"; };
		051F101029C8E42500877947 /* CatalogCoordinator.swift */ = {isa = PBXFileReference; lastKnownFileType = sourcecode.swift; path = CatalogCoordinator.swift; sourceTree = "<group>"; };
		051F101229C8E5A500877947 /* TabBarCoordinator.swift */ = {isa = PBXFileReference; lastKnownFileType = sourcecode.swift; path = TabBarCoordinator.swift; sourceTree = "<group>"; };
		051F101429C8E99D00877947 /* CatalogViewController.swift */ = {isa = PBXFileReference; lastKnownFileType = sourcecode.swift; path = CatalogViewController.swift; sourceTree = "<group>"; };
		051F101629C8E9AF00877947 /* ProfileViewController.swift */ = {isa = PBXFileReference; lastKnownFileType = sourcecode.swift; path = ProfileViewController.swift; sourceTree = "<group>"; };
		051F101829C8E9BA00877947 /* ChatViewController.swift */ = {isa = PBXFileReference; lastKnownFileType = sourcecode.swift; path = ChatViewController.swift; sourceTree = "<group>"; };
		051F101A29C8E9DA00877947 /* CartViewController.swift */ = {isa = PBXFileReference; lastKnownFileType = sourcecode.swift; path = CartViewController.swift; sourceTree = "<group>"; };
		051F101C29C8EA1900877947 /* PublicShoesViewController.swift */ = {isa = PBXFileReference; lastKnownFileType = sourcecode.swift; path = PublicShoesViewController.swift; sourceTree = "<group>"; };
		051F101E29C8EA4D00877947 /* WelcomeViewController.swift */ = {isa = PBXFileReference; lastKnownFileType = sourcecode.swift; path = WelcomeViewController.swift; sourceTree = "<group>"; };
		05218D3D29D9944A00887040 /* GoogleService-Info.plist */ = {isa = PBXFileReference; fileEncoding = 4; lastKnownFileType = text.plist.xml; path = "GoogleService-Info.plist"; sourceTree = "<group>"; };
		052D97E829D9C8D6008CA67C /* Shoes.swift */ = {isa = PBXFileReference; lastKnownFileType = sourcecode.swift; path = Shoes.swift; sourceTree = "<group>"; };
		052D97ED29D9C962008CA67C /* Promotion.swift */ = {isa = PBXFileReference; lastKnownFileType = sourcecode.swift; path = Promotion.swift; sourceTree = "<group>"; };
		0539C3A429CDDA6E008F41B4 /* CartPresenter.swift */ = {isa = PBXFileReference; fileEncoding = 4; lastKnownFileType = sourcecode.swift; path = CartPresenter.swift; sourceTree = "<group>"; };
		0539C3A629CDDA82008F41B4 /* Product.swift */ = {isa = PBXFileReference; fileEncoding = 4; lastKnownFileType = sourcecode.swift; path = Product.swift; sourceTree = "<group>"; };
		0539C3A829CDDA9A008F41B4 /* MockCartService.swift */ = {isa = PBXFileReference; fileEncoding = 4; lastKnownFileType = sourcecode.swift; path = MockCartService.swift; sourceTree = "<group>"; };
		0539C3A929CDDA9A008F41B4 /* CartService.swift */ = {isa = PBXFileReference; fileEncoding = 4; lastKnownFileType = sourcecode.swift; path = CartService.swift; sourceTree = "<group>"; };
		0539C3AA29CDDA9A008F41B4 /* ImageLoader.swift */ = {isa = PBXFileReference; fileEncoding = 4; lastKnownFileType = sourcecode.swift; path = ImageLoader.swift; sourceTree = "<group>"; };
		0539C3AF29CDDAAB008F41B4 /* CartCell.swift */ = {isa = PBXFileReference; fileEncoding = 4; lastKnownFileType = sourcecode.swift; path = CartCell.swift; sourceTree = "<group>"; };
		0539C3B129CDDAAB008F41B4 /* CartHeaderView.swift */ = {isa = PBXFileReference; fileEncoding = 4; lastKnownFileType = sourcecode.swift; path = CartHeaderView.swift; sourceTree = "<group>"; };
		05A4380029D8171C00AADDB9 /* UserCollectionViewCell.swift */ = {isa = PBXFileReference; lastKnownFileType = sourcecode.swift; path = UserCollectionViewCell.swift; sourceTree = "<group>"; };
		05A4381F29D8564400AADDB9 /* FirestoreManager.swift */ = {isa = PBXFileReference; lastKnownFileType = sourcecode.swift; path = FirestoreManager.swift; sourceTree = "<group>"; };
		05A5CD9929DAE4E000564CC3 /* PromotionCell.swift */ = {isa = PBXFileReference; lastKnownFileType = sourcecode.swift; path = PromotionCell.swift; sourceTree = "<group>"; };
		05A5CD9B29DB529B00564CC3 /* PopularCell.swift */ = {isa = PBXFileReference; lastKnownFileType = sourcecode.swift; path = PopularCell.swift; sourceTree = "<group>"; };
		05A5CD9D29DB52A700564CC3 /* CategoryCell.swift */ = {isa = PBXFileReference; lastKnownFileType = sourcecode.swift; path = CategoryCell.swift; sourceTree = "<group>"; };
		05A5CDA129DB54B300564CC3 /* IlymaxCategory.swift */ = {isa = PBXFileReference; lastKnownFileType = sourcecode.swift; path = IlymaxCategory.swift; sourceTree = "<group>"; };
		05A5CDA429DB56DA00564CC3 /* CatalogPresenter.swift */ = {isa = PBXFileReference; lastKnownFileType = sourcecode.swift; path = CatalogPresenter.swift; sourceTree = "<group>"; };
		05A5CDA729DB65D700564CC3 /* CatalogService.swift */ = {isa = PBXFileReference; lastKnownFileType = sourcecode.swift; path = CatalogService.swift; sourceTree = "<group>"; };
		05BA97D429D62151002B7568 /* NoAuthViewController.swift */ = {isa = PBXFileReference; lastKnownFileType = sourcecode.swift; path = NoAuthViewController.swift; sourceTree = "<group>"; };
		05D0673629C9DF2800A6BBD7 /* AuthenticationCoordinator.swift */ = {isa = PBXFileReference; lastKnownFileType = sourcecode.swift; path = AuthenticationCoordinator.swift; sourceTree = "<group>"; };
		05D0673829C9E11400A6BBD7 /* SignUpViewController.swift */ = {isa = PBXFileReference; lastKnownFileType = sourcecode.swift; path = SignUpViewController.swift; sourceTree = "<group>"; };
		05D0673A29C9E16A00A6BBD7 /* LoginViewController.swift */ = {isa = PBXFileReference; lastKnownFileType = sourcecode.swift; path = LoginViewController.swift; sourceTree = "<group>"; };
		05D26CE829CB246400EFC040 /* AuthenticationService.swift */ = {isa = PBXFileReference; lastKnownFileType = sourcecode.swift; path = AuthenticationService.swift; sourceTree = "<group>"; };
		05D26CEC29CB24EF00EFC040 /* IlymaxUser.swift */ = {isa = PBXFileReference; lastKnownFileType = sourcecode.swift; path = IlymaxUser.swift; sourceTree = "<group>"; };
		05D26CEE29CB2BB900EFC040 /* SignUpPresenter.swift */ = {isa = PBXFileReference; lastKnownFileType = sourcecode.swift; path = SignUpPresenter.swift; sourceTree = "<group>"; };
		05D26CF429CB43A200EFC040 /* LoginPresenter.swift */ = {isa = PBXFileReference; lastKnownFileType = sourcecode.swift; path = LoginPresenter.swift; sourceTree = "<group>"; };
		05D26CF829CB4E6300EFC040 /* ValidationError.swift */ = {isa = PBXFileReference; lastKnownFileType = sourcecode.swift; path = ValidationError.swift; sourceTree = "<group>"; };
		05D3C4B729D35C7E00D76EED /* DatabaseManager.swift */ = {isa = PBXFileReference; lastKnownFileType = sourcecode.swift; path = DatabaseManager.swift; sourceTree = "<group>"; };
		05D3C4B929D367F100D76EED /* Security.swift */ = {isa = PBXFileReference; lastKnownFileType = sourcecode.swift; path = Security.swift; sourceTree = "<group>"; };
		05F351EA29D30D4800A6EFC5 /* FirebaseAuthenticationService.swift */ = {isa = PBXFileReference; lastKnownFileType = sourcecode.swift; path = FirebaseAuthenticationService.swift; sourceTree = "<group>"; };
		7E1DAD0229DC86ED005B716B /* PublicShoesPresenter.swift */ = {isa = PBXFileReference; lastKnownFileType = sourcecode.swift; path = PublicShoesPresenter.swift; sourceTree = "<group>"; };
		7E1DAD0629DC8AB6005B716B /* SizeCell.swift */ = {isa = PBXFileReference; lastKnownFileType = sourcecode.swift; path = SizeCell.swift; sourceTree = "<group>"; };
		7E1DAD0829DC8F12005B716B /* PublicShoesSizeViewController.swift */ = {isa = PBXFileReference; lastKnownFileType = sourcecode.swift; path = PublicShoesSizeViewController.swift; sourceTree = "<group>"; };
		7E1DAD0A29DC8F8D005B716B /* PublicShoesImageViewController.swift */ = {isa = PBXFileReference; lastKnownFileType = sourcecode.swift; path = PublicShoesImageViewController.swift; sourceTree = "<group>"; };
		7E1DAD0D29DC9D68005B716B /* PublicShoesService.swift */ = {isa = PBXFileReference; lastKnownFileType = sourcecode.swift; path = PublicShoesService.swift; sourceTree = "<group>"; };
		7E1DAD1129DC9E09005B716B /* FirebasePublicShoesService.swift */ = {isa = PBXFileReference; lastKnownFileType = sourcecode.swift; path = FirebasePublicShoesService.swift; sourceTree = "<group>"; };
		7EC58EB329EDE6FE0056EB9F /* IlymaxShop.app */ = {isa = PBXFileReference; explicitFileType = wrapper.application; includeInIndex = 0; path = IlymaxShop.app; sourceTree = BUILT_PRODUCTS_DIR; };
		7EC58EB429EDE6FE0056EB9F /* IlymaxShopTests.xctest */ = {isa = PBXFileReference; explicitFileType = wrapper.cfbundle; includeInIndex = 0; path = IlymaxShopTests.xctest; sourceTree = BUILT_PRODUCTS_DIR; };
		7EC58EB529EDE6FE0056EB9F /* IlymaxShopUITests.xctest */ = {isa = PBXFileReference; explicitFileType = wrapper.cfbundle; includeInIndex = 0; path = IlymaxShopUITests.xctest; sourceTree = BUILT_PRODUCTS_DIR; };
/* End PBXFileReference section */

/* Begin PBXFrameworksBuildPhase section */
		05188D8E29C4FF21004E1D7B /* Frameworks */ = {
			isa = PBXFrameworksBuildPhase;
			buildActionMask = 2147483647;
			files = (
				05D3C4B229D3489C00D76EED /* FirebaseDatabase in Frameworks */,
				05A4381E29D8522C00AADDB9 /* FirebaseFirestore in Frameworks */,
				05BA97D329D613FA002B7568 /* JGProgressHUD in Frameworks */,
				052D97F129D9CBE8008CA67C /* FirebaseStorage in Frameworks */,
				05D3C4B029D3489C00D76EED /* FirebaseAuth in Frameworks */,
			);
			runOnlyForDeploymentPostprocessing = 0;
		};
		05188DA729C4FF23004E1D7B /* Frameworks */ = {
			isa = PBXFrameworksBuildPhase;
			buildActionMask = 2147483647;
			files = (
			);
			runOnlyForDeploymentPostprocessing = 0;
		};
		05188DB129C4FF23004E1D7B /* Frameworks */ = {
			isa = PBXFrameworksBuildPhase;
			buildActionMask = 2147483647;
			files = (
			);
			runOnlyForDeploymentPostprocessing = 0;
		};
/* End PBXFrameworksBuildPhase section */

/* Begin PBXGroup section */
		05188D8829C4FF21004E1D7B = {
			isa = PBXGroup;
			children = (
				05188D9329C4FF21004E1D7B /* IlymaxShop */,
				05188DAD29C4FF23004E1D7B /* IlymaxShopTests */,
				05188DB729C4FF23004E1D7B /* IlymaxShopUITests */,
				7EC58EB329EDE6FE0056EB9F /* IlymaxShop.app */,
				7EC58EB429EDE6FE0056EB9F /* IlymaxShopTests.xctest */,
				7EC58EB529EDE6FE0056EB9F /* IlymaxShopUITests.xctest */,
			);
			sourceTree = "<group>";
		};
		05188D9329C4FF21004E1D7B /* IlymaxShop */ = {
			isa = PBXGroup;
			children = (
				7EC58EB629EDE7260056EB9F /* ShoeView */,
				05EC2D0E29D07FBC00962420 /* MainTabBar */,
				05EC2D0D29D07FA800962420 /* Authentication */,
				05EC2D0C29D07FA200962420 /* Profile */,
				05EC2D0B29D07F9B00962420 /* Chat */,
				05EC2D0A29D07F8400962420 /* PublishShoes */,
				05EC2D0929D07F7D00962420 /* Cart */,
				05EC2D0829D07F6F00962420 /* Catalog */,
				05188DDD29C500F0004E1D7B /* Services */,
				05188DDC29C500EA004E1D7B /* Models */,
				05188D9429C4FF21004E1D7B /* AppDelegate.swift */,
				051F100629C8E39400877947 /* AppCoordinator.swift */,
				05188D9629C4FF21004E1D7B /* SceneDelegate.swift */,
				051F101E29C8EA4D00877947 /* WelcomeViewController.swift */,
				05188DA029C4FF23004E1D7B /* Assets.xcassets */,
				05188DA229C4FF23004E1D7B /* LaunchScreen.storyboard */,
				05188DA529C4FF23004E1D7B /* Info.plist */,
				05218D3D29D9944A00887040 /* GoogleService-Info.plist */,
				05188D9D29C4FF21004E1D7B /* IlymaxShop.xcdatamodeld */,
			);
			path = IlymaxShop;
			sourceTree = "<group>";
		};
		05188DAD29C4FF23004E1D7B /* IlymaxShopTests */ = {
			isa = PBXGroup;
			children = (
				05188DAE29C4FF23004E1D7B /* IlymaxShopTests.swift */,
			);
			path = IlymaxShopTests;
			sourceTree = "<group>";
		};
		05188DB729C4FF23004E1D7B /* IlymaxShopUITests */ = {
			isa = PBXGroup;
			children = (
				05188DB829C4FF23004E1D7B /* IlymaxShopUITests.swift */,
				05188DBA29C4FF23004E1D7B /* IlymaxShopUITestsLaunchTests.swift */,
			);
			path = IlymaxShopUITests;
			sourceTree = "<group>";
		};
		05188DDC29C500EA004E1D7B /* Models */ = {
			isa = PBXGroup;
			children = (
				0539C3A629CDDA82008F41B4 /* Product.swift */,
				05D26CEC29CB24EF00EFC040 /* IlymaxUser.swift */,
				052D97E829D9C8D6008CA67C /* Shoes.swift */,
				052D97ED29D9C962008CA67C /* Promotion.swift */,
				05A5CDA129DB54B300564CC3 /* IlymaxCategory.swift */,
			);
			path = Models;
			sourceTree = "<group>";
		};
		05188DDD29C500F0004E1D7B /* Services */ = {
			isa = PBXGroup;
			children = (
				0539C3AA29CDDA9A008F41B4 /* ImageLoader.swift */,
				05D3C4B729D35C7E00D76EED /* DatabaseManager.swift */,
				05D3C4B929D367F100D76EED /* Security.swift */,
				05A4381F29D8564400AADDB9 /* FirestoreManager.swift */,
			);
			path = Services;
			sourceTree = "<group>";
		};
		05188DDF29C5010D004E1D7B /* Controllers */ = {
			isa = PBXGroup;
			children = (
				051F101429C8E99D00877947 /* CatalogViewController.swift */,
			);
			path = Controllers;
			sourceTree = "<group>";
		};
		05188DE029C50114004E1D7B /* Presenters */ = {
			isa = PBXGroup;
			children = (
				0539C3A429CDDA6E008F41B4 /* CartPresenter.swift */,
			);
			path = Presenters;
			sourceTree = "<group>";
		};
		05188DE129C50146004E1D7B /* Coordinators */ = {
			isa = PBXGroup;
			children = (
				051F101029C8E42500877947 /* CatalogCoordinator.swift */,
			);
			path = Coordinators;
			sourceTree = "<group>";
		};
		05188DE529C501A0004E1D7B /* Views */ = {
			isa = PBXGroup;
			children = (
				0539C3AE29CDDAAB008F41B4 /* Cells */,
				0539C3B029CDDAAB008F41B4 /* Headers */,
			);
			path = Views;
			sourceTree = "<group>";
		};
		0519A9C229D99E9300AE1553 /* Views */ = {
			isa = PBXGroup;
			children = (
				05A5CD9829DAE4B400564CC3 /* Cells */,
				0519A9C329D99E9D00AE1553 /* Headers */,
			);
			path = Views;
			sourceTree = "<group>";
		};
		0519A9C329D99E9D00AE1553 /* Headers */ = {
			isa = PBXGroup;
			children = (
				0519A9C429D99EB600AE1553 /* HeaderView.swift */,
			);
			path = Headers;
			sourceTree = "<group>";
		};
		0539C3AE29CDDAAB008F41B4 /* Cells */ = {
			isa = PBXGroup;
			children = (
				0539C3AF29CDDAAB008F41B4 /* CartCell.swift */,
			);
			path = Cells;
			sourceTree = "<group>";
		};
		0539C3B029CDDAAB008F41B4 /* Headers */ = {
			isa = PBXGroup;
			children = (
				0539C3B129CDDAAB008F41B4 /* CartHeaderView.swift */,
			);
			path = Headers;
			sourceTree = "<group>";
		};
		05A437FF29D816BB00AADDB9 /* Views */ = {
			isa = PBXGroup;
			children = (
				05A4380029D8171C00AADDB9 /* UserCollectionViewCell.swift */,
			);
			path = Views;
			sourceTree = "<group>";
		};
		05A5CD9829DAE4B400564CC3 /* Cells */ = {
			isa = PBXGroup;
			children = (
				05A5CD9929DAE4E000564CC3 /* PromotionCell.swift */,
				05A5CD9B29DB529B00564CC3 /* PopularCell.swift */,
				05A5CD9D29DB52A700564CC3 /* CategoryCell.swift */,
			);
			path = Cells;
			sourceTree = "<group>";
		};
		05A5CDA329DB552D00564CC3 /* Presenters */ = {
			isa = PBXGroup;
			children = (
				05A5CDA429DB56DA00564CC3 /* CatalogPresenter.swift */,
			);
			path = Presenters;
			sourceTree = "<group>";
		};
		05A5CDA629DB65CB00564CC3 /* Services */ = {
			isa = PBXGroup;
			children = (
				05A5CDA729DB65D700564CC3 /* CatalogService.swift */,
			);
			path = Services;
			sourceTree = "<group>";
		};
		05D26CF729CB4E4300EFC040 /* Errors */ = {
			isa = PBXGroup;
			children = (
				05D26CF829CB4E6300EFC040 /* ValidationError.swift */,
			);
			path = Errors;
			sourceTree = "<group>";
		};
		05EC2D0829D07F6F00962420 /* Catalog */ = {
			isa = PBXGroup;
			children = (
				05A5CDA629DB65CB00564CC3 /* Services */,
				05A5CDA329DB552D00564CC3 /* Presenters */,
				0519A9C229D99E9300AE1553 /* Views */,
				05188DE129C50146004E1D7B /* Coordinators */,
				05188DDF29C5010D004E1D7B /* Controllers */,
			);
			path = Catalog;
			sourceTree = "<group>";
		};
		05EC2D0929D07F7D00962420 /* Cart */ = {
			isa = PBXGroup;
			children = (
				05EC2D1C29D0819B00962420 /* Coordinators */,
				05EC2D1D29D081A100962420 /* Controllers */,
				05EC2D2029D081AF00962420 /* Services */,
				05188DE529C501A0004E1D7B /* Views */,
				05188DE029C50114004E1D7B /* Presenters */,
			);
			path = Cart;
			sourceTree = "<group>";
		};
		05EC2D0A29D07F8400962420 /* PublishShoes */ = {
			isa = PBXGroup;
			children = (
				7E1DAD0C29DC9D51005B716B /* Services */,
				7E1DAD0429DC8A91005B716B /* Views */,
				7E1DAD0129DC86CE005B716B /* Presenters */,
				05EC2D1A29D0817B00962420 /* Coordinators */,
				05EC2D1B29D0818200962420 /* Controllers */,
			);
			path = PublishShoes;
			sourceTree = "<group>";
		};
		05EC2D0B29D07F9B00962420 /* Chat */ = {
			isa = PBXGroup;
			children = (
				05EC2D1929D0814F00962420 /* Coordinators */,
				05EC2D1829D0814A00962420 /* Controllers */,
			);
			path = Chat;
			sourceTree = "<group>";
		};
		05EC2D0C29D07FA200962420 /* Profile */ = {
			isa = PBXGroup;
			children = (
				05A437FF29D816BB00AADDB9 /* Views */,
				05EC2D1729D0812200962420 /* Coordinators */,
				05EC2D1629D0811700962420 /* Controllers */,
			);
			path = Profile;
			sourceTree = "<group>";
		};
		05EC2D0D29D07FA800962420 /* Authentication */ = {
			isa = PBXGroup;
			children = (
				05EC2D1529D080D500962420 /* Coordinators */,
				05EC2D1129D0803900962420 /* Controllers */,
				05EC2D1429D0805100962420 /* Presenters */,
				05EC2D1229D0803F00962420 /* Services */,
				05EC2D1329D0804600962420 /* Helpers */,
			);
			path = Authentication;
			sourceTree = "<group>";
		};
		05EC2D0E29D07FBC00962420 /* MainTabBar */ = {
			isa = PBXGroup;
			children = (
				05EC2D0F29D07FFB00962420 /* Coordinators */,
			);
			path = MainTabBar;
			sourceTree = "<group>";
		};
		05EC2D0F29D07FFB00962420 /* Coordinators */ = {
			isa = PBXGroup;
			children = (
				051F101229C8E5A500877947 /* TabBarCoordinator.swift */,
			);
			path = Coordinators;
			sourceTree = "<group>";
		};
		05EC2D1129D0803900962420 /* Controllers */ = {
			isa = PBXGroup;
			children = (
				05D0673829C9E11400A6BBD7 /* SignUpViewController.swift */,
				05D0673A29C9E16A00A6BBD7 /* LoginViewController.swift */,
				05BA97D429D62151002B7568 /* NoAuthViewController.swift */,
			);
			path = Controllers;
			sourceTree = "<group>";
		};
		05EC2D1229D0803F00962420 /* Services */ = {
			isa = PBXGroup;
			children = (
				05D26CE829CB246400EFC040 /* AuthenticationService.swift */,
				05F351EA29D30D4800A6EFC5 /* FirebaseAuthenticationService.swift */,
			);
			path = Services;
			sourceTree = "<group>";
		};
		05EC2D1329D0804600962420 /* Helpers */ = {
			isa = PBXGroup;
			children = (
				05D26CF729CB4E4300EFC040 /* Errors */,
			);
			path = Helpers;
			sourceTree = "<group>";
		};
		05EC2D1429D0805100962420 /* Presenters */ = {
			isa = PBXGroup;
			children = (
				05D26CEE29CB2BB900EFC040 /* SignUpPresenter.swift */,
				05D26CF429CB43A200EFC040 /* LoginPresenter.swift */,
			);
			path = Presenters;
			sourceTree = "<group>";
		};
		05EC2D1529D080D500962420 /* Coordinators */ = {
			isa = PBXGroup;
			children = (
				05D0673629C9DF2800A6BBD7 /* AuthenticationCoordinator.swift */,
			);
			path = Coordinators;
			sourceTree = "<group>";
		};
		05EC2D1629D0811700962420 /* Controllers */ = {
			isa = PBXGroup;
			children = (
				051F101629C8E9AF00877947 /* ProfileViewController.swift */,
			);
			path = Controllers;
			sourceTree = "<group>";
		};
		05EC2D1729D0812200962420 /* Coordinators */ = {
			isa = PBXGroup;
			children = (
				051F100829C8E3A700877947 /* ProfileCoordinator.swift */,
			);
			path = Coordinators;
			sourceTree = "<group>";
		};
		05EC2D1829D0814A00962420 /* Controllers */ = {
			isa = PBXGroup;
			children = (
				051F101829C8E9BA00877947 /* ChatViewController.swift */,
			);
			path = Controllers;
			sourceTree = "<group>";
		};
		05EC2D1929D0814F00962420 /* Coordinators */ = {
			isa = PBXGroup;
			children = (
				051F100A29C8E3BD00877947 /* ChatCoordinator.swift */,
			);
			path = Coordinators;
			sourceTree = "<group>";
		};
		05EC2D1A29D0817B00962420 /* Coordinators */ = {
			isa = PBXGroup;
			children = (
				051F100C29C8E3E400877947 /* PublicShoesCoordinator.swift */,
			);
			path = Coordinators;
			sourceTree = "<group>";
		};
		05EC2D1B29D0818200962420 /* Controllers */ = {
			isa = PBXGroup;
			children = (
				051F101C29C8EA1900877947 /* PublicShoesViewController.swift */,
				7E1DAD0829DC8F12005B716B /* PublicShoesSizeViewController.swift */,
				7E1DAD0A29DC8F8D005B716B /* PublicShoesImageViewController.swift */,
			);
			path = Controllers;
			sourceTree = "<group>";
		};
		05EC2D1C29D0819B00962420 /* Coordinators */ = {
			isa = PBXGroup;
			children = (
				051F100E29C8E41100877947 /* CartCoordinator.swift */,
			);
			path = Coordinators;
			sourceTree = "<group>";
		};
		05EC2D1D29D081A100962420 /* Controllers */ = {
			isa = PBXGroup;
			children = (
				051F101A29C8E9DA00877947 /* CartViewController.swift */,
			);
			path = Controllers;
			sourceTree = "<group>";
		};
		05EC2D2029D081AF00962420 /* Services */ = {
			isa = PBXGroup;
			children = (
				0539C3A929CDDA9A008F41B4 /* CartService.swift */,
				0539C3A829CDDA9A008F41B4 /* MockCartService.swift */,
			);
			path = Services;
			sourceTree = "<group>";
		};
		7E1DAD0129DC86CE005B716B /* Presenters */ = {
			isa = PBXGroup;
			children = (
				7E1DAD0229DC86ED005B716B /* PublicShoesPresenter.swift */,
			);
			path = Presenters;
			sourceTree = "<group>";
		};
		7E1DAD0429DC8A91005B716B /* Views */ = {
			isa = PBXGroup;
			children = (
				7E1DAD0529DC8AA1005B716B /* Cells */,
			);
			path = Views;
			sourceTree = "<group>";
		};
		7E1DAD0529DC8AA1005B716B /* Cells */ = {
			isa = PBXGroup;
			children = (
				7E1DAD0629DC8AB6005B716B /* SizeCell.swift */,
			);
			path = Cells;
			sourceTree = "<group>";
		};
		7E1DAD0C29DC9D51005B716B /* Services */ = {
			isa = PBXGroup;
			children = (
				7E1DAD0D29DC9D68005B716B /* PublicShoesService.swift */,
				7E1DAD1129DC9E09005B716B /* FirebasePublicShoesService.swift */,
			);
			path = Services;
			sourceTree = "<group>";
		};
		7EC58EB629EDE7260056EB9F /* ShoeView */ = {
			isa = PBXGroup;
			children = (
			);
			path = ShoeView;
			sourceTree = "<group>";
		};
/* End PBXGroup section */

/* Begin PBXNativeTarget section */
		05188D9029C4FF21004E1D7B /* IlymaxShop */ = {
			isa = PBXNativeTarget;
			buildConfigurationList = 05188DBE29C4FF23004E1D7B /* Build configuration list for PBXNativeTarget "IlymaxShop" */;
			buildPhases = (
				05188D8D29C4FF21004E1D7B /* Sources */,
				05188D8E29C4FF21004E1D7B /* Frameworks */,
				05188D8F29C4FF21004E1D7B /* Resources */,
			);
			buildRules = (
			);
			dependencies = (
			);
			name = IlymaxShop;
			packageProductDependencies = (
				05D3C4AF29D3489C00D76EED /* FirebaseAuth */,
				05D3C4B129D3489C00D76EED /* FirebaseDatabase */,
				05BA97D229D613FA002B7568 /* JGProgressHUD */,
				05A4381D29D8522C00AADDB9 /* FirebaseFirestore */,
				052D97F029D9CBE8008CA67C /* FirebaseStorage */,
			);
			productName = IlymaxShop;
			productReference = 7EC58EB329EDE6FE0056EB9F /* IlymaxShop.app */;
			productType = "com.apple.product-type.application";
		};
		05188DA929C4FF23004E1D7B /* IlymaxShopTests */ = {
			isa = PBXNativeTarget;
			buildConfigurationList = 05188DC129C4FF23004E1D7B /* Build configuration list for PBXNativeTarget "IlymaxShopTests" */;
			buildPhases = (
				05188DA629C4FF23004E1D7B /* Sources */,
				05188DA729C4FF23004E1D7B /* Frameworks */,
				05188DA829C4FF23004E1D7B /* Resources */,
			);
			buildRules = (
			);
			dependencies = (
				05188DAC29C4FF23004E1D7B /* PBXTargetDependency */,
			);
			name = IlymaxShopTests;
			productName = IlymaxShopTests;
			productReference = 7EC58EB429EDE6FE0056EB9F /* IlymaxShopTests.xctest */;
			productType = "com.apple.product-type.bundle.unit-test";
		};
		05188DB329C4FF23004E1D7B /* IlymaxShopUITests */ = {
			isa = PBXNativeTarget;
			buildConfigurationList = 05188DC429C4FF23004E1D7B /* Build configuration list for PBXNativeTarget "IlymaxShopUITests" */;
			buildPhases = (
				05188DB029C4FF23004E1D7B /* Sources */,
				05188DB129C4FF23004E1D7B /* Frameworks */,
				05188DB229C4FF23004E1D7B /* Resources */,
			);
			buildRules = (
			);
			dependencies = (
				05188DB629C4FF23004E1D7B /* PBXTargetDependency */,
			);
			name = IlymaxShopUITests;
			productName = IlymaxShopUITests;
			productReference = 7EC58EB529EDE6FE0056EB9F /* IlymaxShopUITests.xctest */;
			productType = "com.apple.product-type.bundle.ui-testing";
		};
/* End PBXNativeTarget section */

/* Begin PBXProject section */
		05188D8929C4FF21004E1D7B /* Project object */ = {
			isa = PBXProject;
			attributes = {
				BuildIndependentTargetsInParallel = 1;
				LastSwiftUpdateCheck = 1420;
				LastUpgradeCheck = 1420;
				TargetAttributes = {
					05188D9029C4FF21004E1D7B = {
						CreatedOnToolsVersion = 14.2;
					};
					05188DA929C4FF23004E1D7B = {
						CreatedOnToolsVersion = 14.2;
						TestTargetID = 05188D9029C4FF21004E1D7B;
					};
					05188DB329C4FF23004E1D7B = {
						CreatedOnToolsVersion = 14.2;
						TestTargetID = 05188D9029C4FF21004E1D7B;
					};
				};
			};
			buildConfigurationList = 05188D8C29C4FF21004E1D7B /* Build configuration list for PBXProject "IlymaxShop" */;
			compatibilityVersion = "Xcode 14.0";
			developmentRegion = en;
			hasScannedForEncodings = 0;
			knownRegions = (
				en,
				Base,
			);
			mainGroup = 05188D8829C4FF21004E1D7B;
			packageReferences = (
				05D3C4AE29D3489C00D76EED /* XCRemoteSwiftPackageReference "firebase-ios-sdk" */,
				05BA97D129D613FA002B7568 /* XCRemoteSwiftPackageReference "JGProgressHUD" */,
			);
			productRefGroup = 05188D8829C4FF21004E1D7B;
			projectDirPath = "";
			projectRoot = "";
			targets = (
				05188D9029C4FF21004E1D7B /* IlymaxShop */,
				05188DA929C4FF23004E1D7B /* IlymaxShopTests */,
				05188DB329C4FF23004E1D7B /* IlymaxShopUITests */,
			);
		};
/* End PBXProject section */

/* Begin PBXResourcesBuildPhase section */
		05188D8F29C4FF21004E1D7B /* Resources */ = {
			isa = PBXResourcesBuildPhase;
			buildActionMask = 2147483647;
			files = (
				05188DA429C4FF23004E1D7B /* LaunchScreen.storyboard in Resources */,
				05188DA129C4FF23004E1D7B /* Assets.xcassets in Resources */,
				05218D3E29D9944A00887040 /* GoogleService-Info.plist in Resources */,
			);
			runOnlyForDeploymentPostprocessing = 0;
		};
		05188DA829C4FF23004E1D7B /* Resources */ = {
			isa = PBXResourcesBuildPhase;
			buildActionMask = 2147483647;
			files = (
			);
			runOnlyForDeploymentPostprocessing = 0;
		};
		05188DB229C4FF23004E1D7B /* Resources */ = {
			isa = PBXResourcesBuildPhase;
			buildActionMask = 2147483647;
			files = (
			);
			runOnlyForDeploymentPostprocessing = 0;
		};
/* End PBXResourcesBuildPhase section */

/* Begin PBXSourcesBuildPhase section */
		05188D8D29C4FF21004E1D7B /* Sources */ = {
			isa = PBXSourcesBuildPhase;
			buildActionMask = 2147483647;
			files = (
				0539C3A529CDDA6E008F41B4 /* CartPresenter.swift in Sources */,
				051F100729C8E39400877947 /* AppCoordinator.swift in Sources */,
				051F101F29C8EA4D00877947 /* WelcomeViewController.swift in Sources */,
				05A4382029D8564400AADDB9 /* FirestoreManager.swift in Sources */,
				7E1DAD0729DC8AB6005B716B /* SizeCell.swift in Sources */,
				051F101529C8E99D00877947 /* CatalogViewController.swift in Sources */,
				0539C3B229CDDAAB008F41B4 /* CartCell.swift in Sources */,
				05D3C4BA29D367F100D76EED /* Security.swift in Sources */,
				051F101B29C8E9DB00877947 /* CartViewController.swift in Sources */,
				05A5CDA529DB56DA00564CC3 /* CatalogPresenter.swift in Sources */,
				051F101129C8E42500877947 /* CatalogCoordinator.swift in Sources */,
				7E1DAD0329DC86ED005B716B /* PublicShoesPresenter.swift in Sources */,
				05A5CD9A29DAE4E000564CC3 /* PromotionCell.swift in Sources */,
				0539C3AD29CDDA9A008F41B4 /* ImageLoader.swift in Sources */,
				051F100D29C8E3E400877947 /* PublicShoesCoordinator.swift in Sources */,
				05D0673929C9E11500A6BBD7 /* SignUpViewController.swift in Sources */,
				052D97E929D9C8D6008CA67C /* Shoes.swift in Sources */,
				05188D9F29C4FF21004E1D7B /* IlymaxShop.xcdatamodeld in Sources */,
				05D26CF529CB43A200EFC040 /* LoginPresenter.swift in Sources */,
				051F100B29C8E3BD00877947 /* ChatCoordinator.swift in Sources */,
				0539C3B329CDDAAB008F41B4 /* CartHeaderView.swift in Sources */,
				052D97EE29D9C962008CA67C /* Promotion.swift in Sources */,
				05D0673729C9DF2800A6BBD7 /* AuthenticationCoordinator.swift in Sources */,
				05BA97D529D62151002B7568 /* NoAuthViewController.swift in Sources */,
				05D26CED29CB24EF00EFC040 /* IlymaxUser.swift in Sources */,
				051F101729C8E9AF00877947 /* ProfileViewController.swift in Sources */,
				05188D9529C4FF21004E1D7B /* AppDelegate.swift in Sources */,
				0539C3A729CDDA82008F41B4 /* Product.swift in Sources */,
				7E1DAD1229DC9E09005B716B /* FirebasePublicShoesService.swift in Sources */,
				05D26CF929CB4E6300EFC040 /* ValidationError.swift in Sources */,
				051F100929C8E3A700877947 /* ProfileCoordinator.swift in Sources */,
				05A5CD9E29DB52A700564CC3 /* CategoryCell.swift in Sources */,
				05A5CD9C29DB529B00564CC3 /* PopularCell.swift in Sources */,
				051F101D29C8EA1900877947 /* PublicShoesViewController.swift in Sources */,
				0519A9C529D99EB600AE1553 /* HeaderView.swift in Sources */,
				0539C3AC29CDDA9A008F41B4 /* CartService.swift in Sources */,
				0539C3AB29CDDA9A008F41B4 /* MockCartService.swift in Sources */,
				051F101929C8E9BA00877947 /* ChatViewController.swift in Sources */,
				05F351EB29D30D4800A6EFC5 /* FirebaseAuthenticationService.swift in Sources */,
				7E1DAD0B29DC8F8D005B716B /* PublicShoesImageViewController.swift in Sources */,
				05D3C4B829D35C7E00D76EED /* DatabaseManager.swift in Sources */,
				05A5CDA829DB65D700564CC3 /* CatalogService.swift in Sources */,
				051F100F29C8E41100877947 /* CartCoordinator.swift in Sources */,
				051F101329C8E5A500877947 /* TabBarCoordinator.swift in Sources */,
				05D26CEF29CB2BB900EFC040 /* SignUpPresenter.swift in Sources */,
				7E1DAD0E29DC9D68005B716B /* PublicShoesService.swift in Sources */,
				05D0673B29C9E16A00A6BBD7 /* LoginViewController.swift in Sources */,
				05A4380129D8171C00AADDB9 /* UserCollectionViewCell.swift in Sources */,
				05188D9729C4FF21004E1D7B /* SceneDelegate.swift in Sources */,
				05D26CE929CB246400EFC040 /* AuthenticationService.swift in Sources */,
				05A5CDA229DB54B300564CC3 /* IlymaxCategory.swift in Sources */,
				7E1DAD0929DC8F12005B716B /* PublicShoesSizeViewController.swift in Sources */,
			);
			runOnlyForDeploymentPostprocessing = 0;
		};
		05188DA629C4FF23004E1D7B /* Sources */ = {
			isa = PBXSourcesBuildPhase;
			buildActionMask = 2147483647;
			files = (
				05188DAF29C4FF23004E1D7B /* IlymaxShopTests.swift in Sources */,
			);
			runOnlyForDeploymentPostprocessing = 0;
		};
		05188DB029C4FF23004E1D7B /* Sources */ = {
			isa = PBXSourcesBuildPhase;
			buildActionMask = 2147483647;
			files = (
				05188DBB29C4FF23004E1D7B /* IlymaxShopUITestsLaunchTests.swift in Sources */,
				05188DB929C4FF23004E1D7B /* IlymaxShopUITests.swift in Sources */,
			);
			runOnlyForDeploymentPostprocessing = 0;
		};
/* End PBXSourcesBuildPhase section */

/* Begin PBXTargetDependency section */
		05188DAC29C4FF23004E1D7B /* PBXTargetDependency */ = {
			isa = PBXTargetDependency;
			target = 05188D9029C4FF21004E1D7B /* IlymaxShop */;
			targetProxy = 05188DAB29C4FF23004E1D7B /* PBXContainerItemProxy */;
		};
		05188DB629C4FF23004E1D7B /* PBXTargetDependency */ = {
			isa = PBXTargetDependency;
			target = 05188D9029C4FF21004E1D7B /* IlymaxShop */;
			targetProxy = 05188DB529C4FF23004E1D7B /* PBXContainerItemProxy */;
		};
/* End PBXTargetDependency section */

/* Begin PBXVariantGroup section */
		05188DA229C4FF23004E1D7B /* LaunchScreen.storyboard */ = {
			isa = PBXVariantGroup;
			children = (
				05188DA329C4FF23004E1D7B /* Base */,
			);
			name = LaunchScreen.storyboard;
			sourceTree = "<group>";
		};
/* End PBXVariantGroup section */

/* Begin XCBuildConfiguration section */
		05188DBC29C4FF23004E1D7B /* Debug */ = {
			isa = XCBuildConfiguration;
			buildSettings = {
				ALWAYS_SEARCH_USER_PATHS = NO;
				CLANG_ANALYZER_NONNULL = YES;
				CLANG_ANALYZER_NUMBER_OBJECT_CONVERSION = YES_AGGRESSIVE;
				CLANG_CXX_LANGUAGE_STANDARD = "gnu++20";
				CLANG_ENABLE_MODULES = YES;
				CLANG_ENABLE_OBJC_ARC = YES;
				CLANG_ENABLE_OBJC_WEAK = YES;
				CLANG_WARN_BLOCK_CAPTURE_AUTORELEASING = YES;
				CLANG_WARN_BOOL_CONVERSION = YES;
				CLANG_WARN_COMMA = YES;
				CLANG_WARN_CONSTANT_CONVERSION = YES;
				CLANG_WARN_DEPRECATED_OBJC_IMPLEMENTATIONS = YES;
				CLANG_WARN_DIRECT_OBJC_ISA_USAGE = YES_ERROR;
				CLANG_WARN_DOCUMENTATION_COMMENTS = YES;
				CLANG_WARN_EMPTY_BODY = YES;
				CLANG_WARN_ENUM_CONVERSION = YES;
				CLANG_WARN_INFINITE_RECURSION = YES;
				CLANG_WARN_INT_CONVERSION = YES;
				CLANG_WARN_NON_LITERAL_NULL_CONVERSION = YES;
				CLANG_WARN_OBJC_IMPLICIT_RETAIN_SELF = YES;
				CLANG_WARN_OBJC_LITERAL_CONVERSION = YES;
				CLANG_WARN_OBJC_ROOT_CLASS = YES_ERROR;
				CLANG_WARN_QUOTED_INCLUDE_IN_FRAMEWORK_HEADER = YES;
				CLANG_WARN_RANGE_LOOP_ANALYSIS = YES;
				CLANG_WARN_STRICT_PROTOTYPES = YES;
				CLANG_WARN_SUSPICIOUS_MOVE = YES;
				CLANG_WARN_UNGUARDED_AVAILABILITY = YES_AGGRESSIVE;
				CLANG_WARN_UNREACHABLE_CODE = YES;
				CLANG_WARN__DUPLICATE_METHOD_MATCH = YES;
				COPY_PHASE_STRIP = NO;
				DEBUG_INFORMATION_FORMAT = dwarf;
				ENABLE_STRICT_OBJC_MSGSEND = YES;
				ENABLE_TESTABILITY = YES;
				GCC_C_LANGUAGE_STANDARD = gnu11;
				GCC_DYNAMIC_NO_PIC = NO;
				GCC_NO_COMMON_BLOCKS = YES;
				GCC_OPTIMIZATION_LEVEL = 0;
				GCC_PREPROCESSOR_DEFINITIONS = (
					"DEBUG=1",
					"$(inherited)",
				);
				GCC_WARN_64_TO_32_BIT_CONVERSION = YES;
				GCC_WARN_ABOUT_RETURN_TYPE = YES_ERROR;
				GCC_WARN_UNDECLARED_SELECTOR = YES;
				GCC_WARN_UNINITIALIZED_AUTOS = YES_AGGRESSIVE;
				GCC_WARN_UNUSED_FUNCTION = YES;
				GCC_WARN_UNUSED_VARIABLE = YES;
				IPHONEOS_DEPLOYMENT_TARGET = 16.2;
				MTL_ENABLE_DEBUG_INFO = INCLUDE_SOURCE;
				MTL_FAST_MATH = YES;
				ONLY_ACTIVE_ARCH = YES;
				SDKROOT = iphoneos;
				SWIFT_ACTIVE_COMPILATION_CONDITIONS = DEBUG;
				SWIFT_OPTIMIZATION_LEVEL = "-Onone";
			};
			name = Debug;
		};
		05188DBD29C4FF23004E1D7B /* Release */ = {
			isa = XCBuildConfiguration;
			buildSettings = {
				ALWAYS_SEARCH_USER_PATHS = NO;
				CLANG_ANALYZER_NONNULL = YES;
				CLANG_ANALYZER_NUMBER_OBJECT_CONVERSION = YES_AGGRESSIVE;
				CLANG_CXX_LANGUAGE_STANDARD = "gnu++20";
				CLANG_ENABLE_MODULES = YES;
				CLANG_ENABLE_OBJC_ARC = YES;
				CLANG_ENABLE_OBJC_WEAK = YES;
				CLANG_WARN_BLOCK_CAPTURE_AUTORELEASING = YES;
				CLANG_WARN_BOOL_CONVERSION = YES;
				CLANG_WARN_COMMA = YES;
				CLANG_WARN_CONSTANT_CONVERSION = YES;
				CLANG_WARN_DEPRECATED_OBJC_IMPLEMENTATIONS = YES;
				CLANG_WARN_DIRECT_OBJC_ISA_USAGE = YES_ERROR;
				CLANG_WARN_DOCUMENTATION_COMMENTS = YES;
				CLANG_WARN_EMPTY_BODY = YES;
				CLANG_WARN_ENUM_CONVERSION = YES;
				CLANG_WARN_INFINITE_RECURSION = YES;
				CLANG_WARN_INT_CONVERSION = YES;
				CLANG_WARN_NON_LITERAL_NULL_CONVERSION = YES;
				CLANG_WARN_OBJC_IMPLICIT_RETAIN_SELF = YES;
				CLANG_WARN_OBJC_LITERAL_CONVERSION = YES;
				CLANG_WARN_OBJC_ROOT_CLASS = YES_ERROR;
				CLANG_WARN_QUOTED_INCLUDE_IN_FRAMEWORK_HEADER = YES;
				CLANG_WARN_RANGE_LOOP_ANALYSIS = YES;
				CLANG_WARN_STRICT_PROTOTYPES = YES;
				CLANG_WARN_SUSPICIOUS_MOVE = YES;
				CLANG_WARN_UNGUARDED_AVAILABILITY = YES_AGGRESSIVE;
				CLANG_WARN_UNREACHABLE_CODE = YES;
				CLANG_WARN__DUPLICATE_METHOD_MATCH = YES;
				COPY_PHASE_STRIP = NO;
				DEBUG_INFORMATION_FORMAT = "dwarf-with-dsym";
				ENABLE_NS_ASSERTIONS = NO;
				ENABLE_STRICT_OBJC_MSGSEND = YES;
				GCC_C_LANGUAGE_STANDARD = gnu11;
				GCC_NO_COMMON_BLOCKS = YES;
				GCC_WARN_64_TO_32_BIT_CONVERSION = YES;
				GCC_WARN_ABOUT_RETURN_TYPE = YES_ERROR;
				GCC_WARN_UNDECLARED_SELECTOR = YES;
				GCC_WARN_UNINITIALIZED_AUTOS = YES_AGGRESSIVE;
				GCC_WARN_UNUSED_FUNCTION = YES;
				GCC_WARN_UNUSED_VARIABLE = YES;
				IPHONEOS_DEPLOYMENT_TARGET = 16.2;
				MTL_ENABLE_DEBUG_INFO = NO;
				MTL_FAST_MATH = YES;
				SDKROOT = iphoneos;
				SWIFT_COMPILATION_MODE = wholemodule;
				SWIFT_OPTIMIZATION_LEVEL = "-O";
				VALIDATE_PRODUCT = YES;
			};
			name = Release;
		};
		05188DBF29C4FF23004E1D7B /* Debug */ = {
			isa = XCBuildConfiguration;
			buildSettings = {
				ASSETCATALOG_COMPILER_APPICON_NAME = AppIcon;
				ASSETCATALOG_COMPILER_GLOBAL_ACCENT_COLOR_NAME = AccentColor;
				CODE_SIGN_STYLE = Automatic;
				CURRENT_PROJECT_VERSION = 1;
				DEVELOPMENT_TEAM = 94Y6332Y3J;
				GENERATE_INFOPLIST_FILE = YES;
				INFOPLIST_FILE = IlymaxShop/Info.plist;
				INFOPLIST_KEY_UIApplicationSupportsIndirectInputEvents = YES;
				INFOPLIST_KEY_UILaunchStoryboardName = LaunchScreen;
				INFOPLIST_KEY_UISupportedInterfaceOrientations_iPad = "UIInterfaceOrientationPortrait UIInterfaceOrientationPortraitUpsideDown UIInterfaceOrientationLandscapeLeft UIInterfaceOrientationLandscapeRight";
				INFOPLIST_KEY_UISupportedInterfaceOrientations_iPhone = "UIInterfaceOrientationPortrait UIInterfaceOrientationLandscapeLeft UIInterfaceOrientationLandscapeRight";
				LD_RUNPATH_SEARCH_PATHS = (
					"$(inherited)",
					"@executable_path/Frameworks",
				);
				MARKETING_VERSION = 1.0;
				PRODUCT_BUNDLE_IDENTIFIER = com.itis.IlymaxShop;
				PRODUCT_NAME = "$(TARGET_NAME)";
				SWIFT_EMIT_LOC_STRINGS = YES;
				SWIFT_VERSION = 5.0;
				TARGETED_DEVICE_FAMILY = "1,2";
			};
			name = Debug;
		};
		05188DC029C4FF23004E1D7B /* Release */ = {
			isa = XCBuildConfiguration;
			buildSettings = {
				ASSETCATALOG_COMPILER_APPICON_NAME = AppIcon;
				ASSETCATALOG_COMPILER_GLOBAL_ACCENT_COLOR_NAME = AccentColor;
				CODE_SIGN_STYLE = Automatic;
				CURRENT_PROJECT_VERSION = 1;
				DEVELOPMENT_TEAM = 94Y6332Y3J;
				GENERATE_INFOPLIST_FILE = YES;
				INFOPLIST_FILE = IlymaxShop/Info.plist;
				INFOPLIST_KEY_UIApplicationSupportsIndirectInputEvents = YES;
				INFOPLIST_KEY_UILaunchStoryboardName = LaunchScreen;
				INFOPLIST_KEY_UISupportedInterfaceOrientations_iPad = "UIInterfaceOrientationPortrait UIInterfaceOrientationPortraitUpsideDown UIInterfaceOrientationLandscapeLeft UIInterfaceOrientationLandscapeRight";
				INFOPLIST_KEY_UISupportedInterfaceOrientations_iPhone = "UIInterfaceOrientationPortrait UIInterfaceOrientationLandscapeLeft UIInterfaceOrientationLandscapeRight";
				LD_RUNPATH_SEARCH_PATHS = (
					"$(inherited)",
					"@executable_path/Frameworks",
				);
				MARKETING_VERSION = 1.0;
				PRODUCT_BUNDLE_IDENTIFIER = com.itis.IlymaxShop;
				PRODUCT_NAME = "$(TARGET_NAME)";
				SWIFT_EMIT_LOC_STRINGS = YES;
				SWIFT_VERSION = 5.0;
				TARGETED_DEVICE_FAMILY = "1,2";
			};
			name = Release;
		};
		05188DC229C4FF23004E1D7B /* Debug */ = {
			isa = XCBuildConfiguration;
			buildSettings = {
				ALWAYS_EMBED_SWIFT_STANDARD_LIBRARIES = YES;
				BUNDLE_LOADER = "$(TEST_HOST)";
				CODE_SIGN_STYLE = Automatic;
				CURRENT_PROJECT_VERSION = 1;
				DEVELOPMENT_TEAM = 94Y6332Y3J;
				GENERATE_INFOPLIST_FILE = YES;
				IPHONEOS_DEPLOYMENT_TARGET = 16.2;
				MARKETING_VERSION = 1.0;
				PRODUCT_BUNDLE_IDENTIFIER = com.itis.IlymaxShopTests;
				PRODUCT_NAME = "$(TARGET_NAME)";
				SWIFT_EMIT_LOC_STRINGS = NO;
				SWIFT_VERSION = 5.0;
				TARGETED_DEVICE_FAMILY = "1,2";
				TEST_HOST = "$(BUILT_PRODUCTS_DIR)/IlymaxShop.app/$(BUNDLE_EXECUTABLE_FOLDER_PATH)/IlymaxShop";
			};
			name = Debug;
		};
		05188DC329C4FF23004E1D7B /* Release */ = {
			isa = XCBuildConfiguration;
			buildSettings = {
				ALWAYS_EMBED_SWIFT_STANDARD_LIBRARIES = YES;
				BUNDLE_LOADER = "$(TEST_HOST)";
				CODE_SIGN_STYLE = Automatic;
				CURRENT_PROJECT_VERSION = 1;
				DEVELOPMENT_TEAM = 94Y6332Y3J;
				GENERATE_INFOPLIST_FILE = YES;
				IPHONEOS_DEPLOYMENT_TARGET = 16.2;
				MARKETING_VERSION = 1.0;
				PRODUCT_BUNDLE_IDENTIFIER = com.itis.IlymaxShopTests;
				PRODUCT_NAME = "$(TARGET_NAME)";
				SWIFT_EMIT_LOC_STRINGS = NO;
				SWIFT_VERSION = 5.0;
				TARGETED_DEVICE_FAMILY = "1,2";
				TEST_HOST = "$(BUILT_PRODUCTS_DIR)/IlymaxShop.app/$(BUNDLE_EXECUTABLE_FOLDER_PATH)/IlymaxShop";
			};
			name = Release;
		};
		05188DC529C4FF23004E1D7B /* Debug */ = {
			isa = XCBuildConfiguration;
			buildSettings = {
				ALWAYS_EMBED_SWIFT_STANDARD_LIBRARIES = YES;
				CODE_SIGN_STYLE = Automatic;
				CURRENT_PROJECT_VERSION = 1;
				DEVELOPMENT_TEAM = 94Y6332Y3J;
				GENERATE_INFOPLIST_FILE = YES;
				MARKETING_VERSION = 1.0;
				PRODUCT_BUNDLE_IDENTIFIER = com.itis.IlymaxShopUITests;
				PRODUCT_NAME = "$(TARGET_NAME)";
				SWIFT_EMIT_LOC_STRINGS = NO;
				SWIFT_VERSION = 5.0;
				TARGETED_DEVICE_FAMILY = "1,2";
				TEST_TARGET_NAME = IlymaxShop;
			};
			name = Debug;
		};
		05188DC629C4FF23004E1D7B /* Release */ = {
			isa = XCBuildConfiguration;
			buildSettings = {
				ALWAYS_EMBED_SWIFT_STANDARD_LIBRARIES = YES;
				CODE_SIGN_STYLE = Automatic;
				CURRENT_PROJECT_VERSION = 1;
				DEVELOPMENT_TEAM = 94Y6332Y3J;
				GENERATE_INFOPLIST_FILE = YES;
				MARKETING_VERSION = 1.0;
				PRODUCT_BUNDLE_IDENTIFIER = com.itis.IlymaxShopUITests;
				PRODUCT_NAME = "$(TARGET_NAME)";
				SWIFT_EMIT_LOC_STRINGS = NO;
				SWIFT_VERSION = 5.0;
				TARGETED_DEVICE_FAMILY = "1,2";
				TEST_TARGET_NAME = IlymaxShop;
			};
			name = Release;
		};
/* End XCBuildConfiguration section */

/* Begin XCConfigurationList section */
		05188D8C29C4FF21004E1D7B /* Build configuration list for PBXProject "IlymaxShop" */ = {
			isa = XCConfigurationList;
			buildConfigurations = (
				05188DBC29C4FF23004E1D7B /* Debug */,
				05188DBD29C4FF23004E1D7B /* Release */,
			);
			defaultConfigurationIsVisible = 0;
			defaultConfigurationName = Release;
		};
		05188DBE29C4FF23004E1D7B /* Build configuration list for PBXNativeTarget "IlymaxShop" */ = {
			isa = XCConfigurationList;
			buildConfigurations = (
				05188DBF29C4FF23004E1D7B /* Debug */,
				05188DC029C4FF23004E1D7B /* Release */,
			);
			defaultConfigurationIsVisible = 0;
			defaultConfigurationName = Release;
		};
		05188DC129C4FF23004E1D7B /* Build configuration list for PBXNativeTarget "IlymaxShopTests" */ = {
			isa = XCConfigurationList;
			buildConfigurations = (
				05188DC229C4FF23004E1D7B /* Debug */,
				05188DC329C4FF23004E1D7B /* Release */,
			);
			defaultConfigurationIsVisible = 0;
			defaultConfigurationName = Release;
		};
		05188DC429C4FF23004E1D7B /* Build configuration list for PBXNativeTarget "IlymaxShopUITests" */ = {
			isa = XCConfigurationList;
			buildConfigurations = (
				05188DC529C4FF23004E1D7B /* Debug */,
				05188DC629C4FF23004E1D7B /* Release */,
			);
			defaultConfigurationIsVisible = 0;
			defaultConfigurationName = Release;
		};
/* End XCConfigurationList section */

/* Begin XCRemoteSwiftPackageReference section */
		05BA97D129D613FA002B7568 /* XCRemoteSwiftPackageReference "JGProgressHUD" */ = {
			isa = XCRemoteSwiftPackageReference;
			repositoryURL = "https://github.com/JonasGessner/JGProgressHUD.git";
			requirement = {
				kind = upToNextMajorVersion;
				minimumVersion = 2.0.0;
			};
		};
		05D3C4AE29D3489C00D76EED /* XCRemoteSwiftPackageReference "firebase-ios-sdk" */ = {
			isa = XCRemoteSwiftPackageReference;
			repositoryURL = "https://github.com/firebase/firebase-ios-sdk";
			requirement = {
				kind = upToNextMajorVersion;
				minimumVersion = 9.0.0;
			};
		};
/* End XCRemoteSwiftPackageReference section */

/* Begin XCSwiftPackageProductDependency section */
		052D97F029D9CBE8008CA67C /* FirebaseStorage */ = {
			isa = XCSwiftPackageProductDependency;
			package = 05D3C4AE29D3489C00D76EED /* XCRemoteSwiftPackageReference "firebase-ios-sdk" */;
			productName = FirebaseStorage;
		};
		05A4381D29D8522C00AADDB9 /* FirebaseFirestore */ = {
			isa = XCSwiftPackageProductDependency;
			package = 05D3C4AE29D3489C00D76EED /* XCRemoteSwiftPackageReference "firebase-ios-sdk" */;
			productName = FirebaseFirestore;
		};
		05BA97D229D613FA002B7568 /* JGProgressHUD */ = {
			isa = XCSwiftPackageProductDependency;
			package = 05BA97D129D613FA002B7568 /* XCRemoteSwiftPackageReference "JGProgressHUD" */;
			productName = JGProgressHUD;
		};
		05D3C4AF29D3489C00D76EED /* FirebaseAuth */ = {
			isa = XCSwiftPackageProductDependency;
			package = 05D3C4AE29D3489C00D76EED /* XCRemoteSwiftPackageReference "firebase-ios-sdk" */;
			productName = FirebaseAuth;
		};
		05D3C4B129D3489C00D76EED /* FirebaseDatabase */ = {
			isa = XCSwiftPackageProductDependency;
			package = 05D3C4AE29D3489C00D76EED /* XCRemoteSwiftPackageReference "firebase-ios-sdk" */;
			productName = FirebaseDatabase;
		};
/* End XCSwiftPackageProductDependency section */

/* Begin XCVersionGroup section */
		05188D9D29C4FF21004E1D7B /* IlymaxShop.xcdatamodeld */ = {
			isa = XCVersionGroup;
			children = (
				05188D9E29C4FF21004E1D7B /* IlymaxShop.xcdatamodel */,
			);
			currentVersion = 05188D9E29C4FF21004E1D7B /* IlymaxShop.xcdatamodel */;
			path = IlymaxShop.xcdatamodeld;
			sourceTree = "<group>";
			versionGroupType = wrapper.xcdatamodel;
		};
/* End XCVersionGroup section */
	};
	rootObject = 05188D8929C4FF21004E1D7B /* Project object */;
}
